
Microsoft Visual Studio Solution File, Format Version 11.00
# Visual Studio 2010
Project("{FAE04EC0-301F-11D3-BF4B-00C04F79EFBC}") = "Umbraco-6.0.3", "Umbraco-6.0.3.csproj", "{7FDD0D19-80B7-4B29-A6C9-B265A6881A38}"
EndProject
Global
	GlobalSection(SolutionConfigurationPlatforms) = preSolution
		Debug|Any CPU = Debug|Any CPU
		Release|Any CPU = Release|Any CPU
	EndGlobalSection
	GlobalSection(ProjectConfigurationPlatforms) = postSolution
		{7FDD0D19-80B7-4B29-A6C9-B265A6881A38}.Debug|Any CPU.ActiveCfg = Debug|Any CPU
		{7FDD0D19-80B7-4B29-A6C9-B265A6881A38}.Debug|Any CPU.Build.0 = Debug|Any CPU
		{7FDD0D19-80B7-4B29-A6C9-B265A6881A38}.Release|Any CPU.ActiveCfg = Release|Any CPU
		{7FDD0D19-80B7-4B29-A6C9-B265A6881A38}.Release|Any CPU.Build.0 = Release|Any CPU
	EndGlobalSection
	GlobalSection(MonoDevelopProperties) = preSolution
		StartupItem = Umbraco-6.0.3.csproj
	EndGlobalSection
EndGlobal
